// !$*UTF8*$!
{
	archiveVersion = 1;
	classes = {
	};
	objectVersion = 46;
	objects = {

/* Begin PBXBuildFile section */
		E31689CC1F559C5F00D06D8C /* LPPhotoSelectVC.swift in Sources */ = {isa = PBXBuildFile; fileRef = E31689CB1F559C5F00D06D8C /* LPPhotoSelectVC.swift */; };
		E31689CF1F559FFC00D06D8C /* LPPhotoSelectCell.swift in Sources */ = {isa = PBXBuildFile; fileRef = E31689CD1F559FFC00D06D8C /* LPPhotoSelectCell.swift */; };
		E31689D01F559FFC00D06D8C /* LPPhotoSelectCell.xib in Resources */ = {isa = PBXBuildFile; fileRef = E31689CE1F559FFC00D06D8C /* LPPhotoSelectCell.xib */; };
		E31689D21F55A5FA00D06D8C /* UIColor+Extension.swift in Sources */ = {isa = PBXBuildFile; fileRef = E31689D11F55A5FA00D06D8C /* UIColor+Extension.swift */; };
		E31689D41F55C11800D06D8C /* LPPhotoSelectModel.swift in Sources */ = {isa = PBXBuildFile; fileRef = E31689D31F55C11800D06D8C /* LPPhotoSelectModel.swift */; };
		E31689D61F55CCBA00D06D8C /* LPPhotoBrowserVC.swift in Sources */ = {isa = PBXBuildFile; fileRef = E31689D51F55CCBA00D06D8C /* LPPhotoBrowserVC.swift */; };
		E31689DA1F567CA900D06D8C /* LPPhotoNavView.xib in Resources */ = {isa = PBXBuildFile; fileRef = E31689D91F567CA900D06D8C /* LPPhotoNavView.xib */; };
		E31689DD1F56851100D06D8C /* LPBrowserCell.swift in Sources */ = {isa = PBXBuildFile; fileRef = E31689DB1F56851100D06D8C /* LPBrowserCell.swift */; };
		E31689DE1F56851100D06D8C /* LPBrowserCell.xib in Resources */ = {isa = PBXBuildFile; fileRef = E31689DC1F56851100D06D8C /* LPBrowserCell.xib */; };
		E31689E01F569A9B00D06D8C /* LPThumbSelectedView.swift in Sources */ = {isa = PBXBuildFile; fileRef = E31689DF1F569A9B00D06D8C /* LPThumbSelectedView.swift */; };
		E31689E31F569BF300D06D8C /* LPThumbSelectedCell.swift in Sources */ = {isa = PBXBuildFile; fileRef = E31689E11F569BF300D06D8C /* LPThumbSelectedCell.swift */; };
		E31689E41F569BF300D06D8C /* LPThumbSelectedCell.xib in Resources */ = {isa = PBXBuildFile; fileRef = E31689E21F569BF300D06D8C /* LPThumbSelectedCell.xib */; };
		E31689E71F56E84D00D06D8C /* LPGroupCell.swift in Sources */ = {isa = PBXBuildFile; fileRef = E31689E51F56E84D00D06D8C /* LPGroupCell.swift */; };
		E31689E81F56E84D00D06D8C /* LPGroupCell.xib in Resources */ = {isa = PBXBuildFile; fileRef = E31689E61F56E84D00D06D8C /* LPGroupCell.xib */; };
		E31689EA1F56EB5900D06D8C /* LPGroupModel.swift in Sources */ = {isa = PBXBuildFile; fileRef = E31689E91F56EB5900D06D8C /* LPGroupModel.swift */; };
		E35EF93D1F556A500052F365 /* AppDelegate.swift in Sources */ = {isa = PBXBuildFile; fileRef = E35EF93C1F556A500052F365 /* AppDelegate.swift */; };
		E35EF93F1F556A500052F365 /* ViewController.swift in Sources */ = {isa = PBXBuildFile; fileRef = E35EF93E1F556A500052F365 /* ViewController.swift */; };
		E35EF9421F556A500052F365 /* Main.storyboard in Resources */ = {isa = PBXBuildFile; fileRef = E35EF9401F556A500052F365 /* Main.storyboard */; };
		E35EF9441F556A500052F365 /* Assets.xcassets in Resources */ = {isa = PBXBuildFile; fileRef = E35EF9431F556A500052F365 /* Assets.xcassets */; };
		E35EF9471F556A500052F365 /* LaunchScreen.storyboard in Resources */ = {isa = PBXBuildFile; fileRef = E35EF9451F556A500052F365 /* LaunchScreen.storyboard */; };
		E35EF9531F556C910052F365 /* LPImagePickerController.swift in Sources */ = {isa = PBXBuildFile; fileRef = E35EF9521F556C910052F365 /* LPImagePickerController.swift */; };
		E35EF9551F556E460052F365 /* LPGroupVC.swift in Sources */ = {isa = PBXBuildFile; fileRef = E35EF9541F556E460052F365 /* LPGroupVC.swift */; };
/* End PBXBuildFile section */

/* Begin PBXFileReference section */
		E31689CB1F559C5F00D06D8C /* LPPhotoSelectVC.swift */ = {isa = PBXFileReference; fileEncoding = 4; lastKnownFileType = sourcecode.swift; path = LPPhotoSelectVC.swift; sourceTree = "<group>"; };
		E31689CD1F559FFC00D06D8C /* LPPhotoSelectCell.swift */ = {isa = PBXFileReference; fileEncoding = 4; lastKnownFileType = sourcecode.swift; path = LPPhotoSelectCell.swift; sourceTree = "<group>"; };
		E31689CE1F559FFC00D06D8C /* LPPhotoSelectCell.xib */ = {isa = PBXFileReference; fileEncoding = 4; lastKnownFileType = file.xib; path = LPPhotoSelectCell.xib; sourceTree = "<group>"; };
		E31689D11F55A5FA00D06D8C /* UIColor+Extension.swift */ = {isa = PBXFileReference; fileEncoding = 4; lastKnownFileType = sourcecode.swift; path = "UIColor+Extension.swift"; sourceTree = "<group>"; };
		E31689D31F55C11800D06D8C /* LPPhotoSelectModel.swift */ = {isa = PBXFileReference; fileEncoding = 4; lastKnownFileType = sourcecode.swift; path = LPPhotoSelectModel.swift; sourceTree = "<group>"; };
		E31689D51F55CCBA00D06D8C /* LPPhotoBrowserVC.swift */ = {isa = PBXFileReference; fileEncoding = 4; lastKnownFileType = sourcecode.swift; path = LPPhotoBrowserVC.swift; sourceTree = "<group>"; };
		E31689D91F567CA900D06D8C /* LPPhotoNavView.xib */ = {isa = PBXFileReference; fileEncoding = 4; lastKnownFileType = file.xib; path = LPPhotoNavView.xib; sourceTree = "<group>"; };
		E31689DB1F56851100D06D8C /* LPBrowserCell.swift */ = {isa = PBXFileReference; fileEncoding = 4; lastKnownFileType = sourcecode.swift; path = LPBrowserCell.swift; sourceTree = "<group>"; };
		E31689DC1F56851100D06D8C /* LPBrowserCell.xib */ = {isa = PBXFileReference; fileEncoding = 4; lastKnownFileType = file.xib; path = LPBrowserCell.xib; sourceTree = "<group>"; };
		E31689DF1F569A9B00D06D8C /* LPThumbSelectedView.swift */ = {isa = PBXFileReference; fileEncoding = 4; lastKnownFileType = sourcecode.swift; path = LPThumbSelectedView.swift; sourceTree = "<group>"; };
		E31689E11F569BF300D06D8C /* LPThumbSelectedCell.swift */ = {isa = PBXFileReference; fileEncoding = 4; lastKnownFileType = sourcecode.swift; path = LPThumbSelectedCell.swift; sourceTree = "<group>"; };
		E31689E21F569BF300D06D8C /* LPThumbSelectedCell.xib */ = {isa = PBXFileReference; fileEncoding = 4; lastKnownFileType = file.xib; path = LPThumbSelectedCell.xib; sourceTree = "<group>"; };
		E31689E51F56E84D00D06D8C /* LPGroupCell.swift */ = {isa = PBXFileReference; fileEncoding = 4; lastKnownFileType = sourcecode.swift; path = LPGroupCell.swift; sourceTree = "<group>"; };
		E31689E61F56E84D00D06D8C /* LPGroupCell.xib */ = {isa = PBXFileReference; fileEncoding = 4; lastKnownFileType = file.xib; path = LPGroupCell.xib; sourceTree = "<group>"; };
		E31689E91F56EB5900D06D8C /* LPGroupModel.swift */ = {isa = PBXFileReference; fileEncoding = 4; lastKnownFileType = sourcecode.swift; path = LPGroupModel.swift; sourceTree = "<group>"; };
		E35EF9391F556A500052F365 /* 01-微信相册选择.app */ = {isa = PBXFileReference; explicitFileType = wrapper.application; includeInIndex = 0; path = "01-微信相册选择.app"; sourceTree = BUILT_PRODUCTS_DIR; };
		E35EF93C1F556A500052F365 /* AppDelegate.swift */ = {isa = PBXFileReference; lastKnownFileType = sourcecode.swift; path = AppDelegate.swift; sourceTree = "<group>"; };
		E35EF93E1F556A500052F365 /* ViewController.swift */ = {isa = PBXFileReference; lastKnownFileType = sourcecode.swift; path = ViewController.swift; sourceTree = "<group>"; };
		E35EF9411F556A500052F365 /* Base */ = {isa = PBXFileReference; lastKnownFileType = file.storyboard; name = Base; path = Base.lproj/Main.storyboard; sourceTree = "<group>"; };
		E35EF9431F556A500052F365 /* Assets.xcassets */ = {isa = PBXFileReference; lastKnownFileType = folder.assetcatalog; path = Assets.xcassets; sourceTree = "<group>"; };
		E35EF9461F556A500052F365 /* Base */ = {isa = PBXFileReference; lastKnownFileType = file.storyboard; name = Base; path = Base.lproj/LaunchScreen.storyboard; sourceTree = "<group>"; };
		E35EF9481F556A500052F365 /* Info.plist */ = {isa = PBXFileReference; lastKnownFileType = text.plist.xml; path = Info.plist; sourceTree = "<group>"; };
		E35EF9521F556C910052F365 /* LPImagePickerController.swift */ = {isa = PBXFileReference; fileEncoding = 4; lastKnownFileType = sourcecode.swift; path = LPImagePickerController.swift; sourceTree = "<group>"; };
		E35EF9541F556E460052F365 /* LPGroupVC.swift */ = {isa = PBXFileReference; fileEncoding = 4; lastKnownFileType = sourcecode.swift; path = LPGroupVC.swift; sourceTree = "<group>"; };
/* End PBXFileReference section */

/* Begin PBXFrameworksBuildPhase section */
		E35EF9361F556A500052F365 /* Frameworks */ = {
			isa = PBXFrameworksBuildPhase;
			buildActionMask = 2147483647;
			files = (
			);
			runOnlyForDeploymentPostprocessing = 0;
		};
/* End PBXFrameworksBuildPhase section */

/* Begin PBXGroup section */
		E35EF9301F556A500052F365 = {
			isa = PBXGroup;
			children = (
				E35EF93B1F556A500052F365 /* 01-微信相册选择 */,
				E35EF93A1F556A500052F365 /* Products */,
			);
			sourceTree = "<group>";
		};
		E35EF93A1F556A500052F365 /* Products */ = {
			isa = PBXGroup;
			children = (
				E35EF9391F556A500052F365 /* 01-微信相册选择.app */,
			);
			name = Products;
			sourceTree = "<group>";
		};
		E35EF93B1F556A500052F365 /* 01-微信相册选择 */ = {
			isa = PBXGroup;
			children = (
				E35EF94E1F556A8A0052F365 /* WYPhotoes */,
				E35EF93C1F556A500052F365 /* AppDelegate.swift */,
				E35EF93E1F556A500052F365 /* ViewController.swift */,
				E31689D11F55A5FA00D06D8C /* UIColor+Extension.swift */,
				E35EF9401F556A500052F365 /* Main.storyboard */,
				E35EF9431F556A500052F365 /* Assets.xcassets */,
				E35EF9451F556A500052F365 /* LaunchScreen.storyboard */,
				E35EF9481F556A500052F365 /* Info.plist */,
			);
			path = "01-微信相册选择";
			sourceTree = "<group>";
		};
		E35EF94E1F556A8A0052F365 /* WYPhotoes */ = {
			isa = PBXGroup;
			children = (
				E35EF94F1F556B690052F365 /* Controllers */,
				E35EF9501F556B690052F365 /* Models */,
				E35EF9511F556B690052F365 /* Views */,
			);
			path = WYPhotoes;
			sourceTree = "<group>";
		};
		E35EF94F1F556B690052F365 /* Controllers */ = {
			isa = PBXGroup;
			children = (
				E35EF9521F556C910052F365 /* LPImagePickerController.swift */,
				E35EF9541F556E460052F365 /* LPGroupVC.swift */,
				E31689CB1F559C5F00D06D8C /* LPPhotoSelectVC.swift */,
				E31689D51F55CCBA00D06D8C /* LPPhotoBrowserVC.swift */,
			);
			path = Controllers;
			sourceTree = "<group>";
		};
		E35EF9501F556B690052F365 /* Models */ = {
			isa = PBXGroup;
			children = (
				E31689D31F55C11800D06D8C /* LPPhotoSelectModel.swift */,
				E31689E91F56EB5900D06D8C /* LPGroupModel.swift */,
			);
			path = Models;
			sourceTree = "<group>";
		};
		E35EF9511F556B690052F365 /* Views */ = {
			isa = PBXGroup;
			children = (
				E31689CD1F559FFC00D06D8C /* LPPhotoSelectCell.swift */,
				E31689CE1F559FFC00D06D8C /* LPPhotoSelectCell.xib */,
				E31689D91F567CA900D06D8C /* LPPhotoNavView.xib */,
				E31689DB1F56851100D06D8C /* LPBrowserCell.swift */,
				E31689DC1F56851100D06D8C /* LPBrowserCell.xib */,
				E31689DF1F569A9B00D06D8C /* LPThumbSelectedView.swift */,
				E31689E11F569BF300D06D8C /* LPThumbSelectedCell.swift */,
				E31689E21F569BF300D06D8C /* LPThumbSelectedCell.xib */,
				E31689E51F56E84D00D06D8C /* LPGroupCell.swift */,
				E31689E61F56E84D00D06D8C /* LPGroupCell.xib */,
			);
			path = Views;
			sourceTree = "<group>";
		};
/* End PBXGroup section */

/* Begin PBXNativeTarget section */
		E35EF9381F556A500052F365 /* 01-微信相册选择 */ = {
			isa = PBXNativeTarget;
			buildConfigurationList = E35EF94B1F556A500052F365 /* Build configuration list for PBXNativeTarget "01-微信相册选择" */;
			buildPhases = (
				E35EF9351F556A500052F365 /* Sources */,
				E35EF9361F556A500052F365 /* Frameworks */,
				E35EF9371F556A500052F365 /* Resources */,
			);
			buildRules = (
			);
			dependencies = (
			);
			name = "01-微信相册选择";
			productName = "01-微信相册选择";
			productReference = E35EF9391F556A500052F365 /* 01-微信相册选择.app */;
			productType = "com.apple.product-type.application";
		};
/* End PBXNativeTarget section */

/* Begin PBXProject section */
		E35EF9311F556A500052F365 /* Project object */ = {
			isa = PBXProject;
			attributes = {
				LastSwiftUpdateCheck = 0830;
				LastUpgradeCheck = 0830;
				ORGANIZATIONNAME = "https://github.com/wangyansnow";
				TargetAttributes = {
					E35EF9381F556A500052F365 = {
						CreatedOnToolsVersion = 8.3.3;
						DevelopmentTeam = K775G7S2W4;
						ProvisioningStyle = Automatic;
					};
				};
			};
			buildConfigurationList = E35EF9341F556A500052F365 /* Build configuration list for PBXProject "01-微信相册选择" */;
			compatibilityVersion = "Xcode 3.2";
			developmentRegion = English;
			hasScannedForEncodings = 0;
			knownRegions = (
				en,
				Base,
			);
			mainGroup = E35EF9301F556A500052F365;
			productRefGroup = E35EF93A1F556A500052F365 /* Products */;
			projectDirPath = "";
			projectRoot = "";
			targets = (
				E35EF9381F556A500052F365 /* 01-微信相册选择 */,
			);
		};
/* End PBXProject section */

/* Begin PBXResourcesBuildPhase section */
		E35EF9371F556A500052F365 /* Resources */ = {
			isa = PBXResourcesBuildPhase;
			buildActionMask = 2147483647;
			files = (
				E31689E41F569BF300D06D8C /* LPThumbSelectedCell.xib in Resources */,
				E31689E81F56E84D00D06D8C /* LPGroupCell.xib in Resources */,
				E31689D01F559FFC00D06D8C /* LPPhotoSelectCell.xib in Resources */,
				E35EF9471F556A500052F365 /* LaunchScreen.storyboard in Resources */,
				E31689DE1F56851100D06D8C /* LPBrowserCell.xib in Resources */,
				E35EF9441F556A500052F365 /* Assets.xcassets in Resources */,
				E31689DA1F567CA900D06D8C /* LPPhotoNavView.xib in Resources */,
				E35EF9421F556A500052F365 /* Main.storyboard in Resources */,
			);
			runOnlyForDeploymentPostprocessing = 0;
		};
/* End PBXResourcesBuildPhase section */

/* Begin PBXSourcesBuildPhase section */
		E35EF9351F556A500052F365 /* Sources */ = {
			isa = PBXSourcesBuildPhase;
			buildActionMask = 2147483647;
			files = (
				E31689D21F55A5FA00D06D8C /* UIColor+Extension.swift in Sources */,
				E31689EA1F56EB5900D06D8C /* LPGroupModel.swift in Sources */,
				E31689CC1F559C5F00D06D8C /* LPPhotoSelectVC.swift in Sources */,
				E31689D41F55C11800D06D8C /* LPPhotoSelectModel.swift in Sources */,
				E31689D61F55CCBA00D06D8C /* LPPhotoBrowserVC.swift in Sources */,
				E35EF9551F556E460052F365 /* LPGroupVC.swift in Sources */,
				E31689E31F569BF300D06D8C /* LPThumbSelectedCell.swift in Sources */,
				E31689DD1F56851100D06D8C /* LPBrowserCell.swift in Sources */,
				E31689CF1F559FFC00D06D8C /* LPPhotoSelectCell.swift in Sources */,
				E35EF93F1F556A500052F365 /* ViewController.swift in Sources */,
				E31689E01F569A9B00D06D8C /* LPThumbSelectedView.swift in Sources */,
				E31689E71F56E84D00D06D8C /* LPGroupCell.swift in Sources */,
				E35EF93D1F556A500052F365 /* AppDelegate.swift in Sources */,
				E35EF9531F556C910052F365 /* LPImagePickerController.swift in Sources */,
			);
			runOnlyForDeploymentPostprocessing = 0;
		};
/* End PBXSourcesBuildPhase section */

/* Begin PBXVariantGroup section */
		E35EF9401F556A500052F365 /* Main.storyboard */ = {
			isa = PBXVariantGroup;
			children = (
				E35EF9411F556A500052F365 /* Base */,
			);
			name = Main.storyboard;
			sourceTree = "<group>";
		};
		E35EF9451F556A500052F365 /* LaunchScreen.storyboard */ = {
			isa = PBXVariantGroup;
			children = (
				E35EF9461F556A500052F365 /* Base */,
			);
			name = LaunchScreen.storyboard;
			sourceTree = "<group>";
		};
/* End PBXVariantGroup section */

/* Begin XCBuildConfiguration section */
		E35EF9491F556A500052F365 /* Debug */ = {
			isa = XCBuildConfiguration;
			buildSettings = {
				ALWAYS_SEARCH_USER_PATHS = NO;
				CLANG_ANALYZER_NONNULL = YES;
				CLANG_ANALYZER_NUMBER_OBJECT_CONVERSION = YES_AGGRESSIVE;
				CLANG_CXX_LANGUAGE_STANDARD = "gnu++0x";
				CLANG_CXX_LIBRARY = "libc++";
				CLANG_ENABLE_MODULES = YES;
				CLANG_ENABLE_OBJC_ARC = YES;
				CLANG_WARN_BOOL_CONVERSION = YES;
				CLANG_WARN_CONSTANT_CONVERSION = YES;
				CLANG_WARN_DIRECT_OBJC_ISA_USAGE = YES_ERROR;
				CLANG_WARN_DOCUMENTATION_COMMENTS = YES;
				CLANG_WARN_EMPTY_BODY = YES;
				CLANG_WARN_ENUM_CONVERSION = YES;
				CLANG_WARN_INFINITE_RECURSION = YES;
				CLANG_WARN_INT_CONVERSION = YES;
				CLANG_WARN_OBJC_ROOT_CLASS = YES_ERROR;
				CLANG_WARN_SUSPICIOUS_MOVE = YES;
				CLANG_WARN_UNREACHABLE_CODE = YES;
				CLANG_WARN__DUPLICATE_METHOD_MATCH = YES;
				"CODE_SIGN_IDENTITY[sdk=iphoneos*]" = "iPhone Developer";
				COPY_PHASE_STRIP = NO;
				DEBUG_INFORMATION_FORMAT = dwarf;
				ENABLE_STRICT_OBJC_MSGSEND = YES;
				ENABLE_TESTABILITY = YES;
				GCC_C_LANGUAGE_STANDARD = gnu99;
				GCC_DYNAMIC_NO_PIC = NO;
				GCC_NO_COMMON_BLOCKS = YES;
				GCC_OPTIMIZATION_LEVEL = 0;
				GCC_PREPROCESSOR_DEFINITIONS = (
					"DEBUG=1",
					"$(inherited)",
				);
				GCC_WARN_64_TO_32_BIT_CONVERSION = YES;
				GCC_WARN_ABOUT_RETURN_TYPE = YES_ERROR;
				GCC_WARN_UNDECLARED_SELECTOR = YES;
				GCC_WARN_UNINITIALIZED_AUTOS = YES_AGGRESSIVE;
				GCC_WARN_UNUSED_FUNCTION = YES;
				GCC_WARN_UNUSED_VARIABLE = YES;
				IPHONEOS_DEPLOYMENT_TARGET = 10.3;
				MTL_ENABLE_DEBUG_INFO = YES;
				ONLY_ACTIVE_ARCH = YES;
				SDKROOT = iphoneos;
				SWIFT_ACTIVE_COMPILATION_CONDITIONS = DEBUG;
				SWIFT_OPTIMIZATION_LEVEL = "-Onone";
			};
			name = Debug;
		};
		E35EF94A1F556A500052F365 /* Release */ = {
			isa = XCBuildConfiguration;
			buildSettings = {
				ALWAYS_SEARCH_USER_PATHS = NO;
				CLANG_ANALYZER_NONNULL = YES;
				CLANG_ANALYZER_NUMBER_OBJECT_CONVERSION = YES_AGGRESSIVE;
				CLANG_CXX_LANGUAGE_STANDARD = "gnu++0x";
				CLANG_CXX_LIBRARY = "libc++";
				CLANG_ENABLE_MODULES = YES;
				CLANG_ENABLE_OBJC_ARC = YES;
				CLANG_WARN_BOOL_CONVERSION = YES;
				CLANG_WARN_CONSTANT_CONVERSION = YES;
				CLANG_WARN_DIRECT_OBJC_ISA_USAGE = YES_ERROR;
				CLANG_WARN_DOCUMENTATION_COMMENTS = YES;
				CLANG_WARN_EMPTY_BODY = YES;
				CLANG_WARN_ENUM_CONVERSION = YES;
				CLANG_WARN_INFINITE_RECURSION = YES;
				CLANG_WARN_INT_CONVERSION = YES;
				CLANG_WARN_OBJC_ROOT_CLASS = YES_ERROR;
				CLANG_WARN_SUSPICIOUS_MOVE = YES;
				CLANG_WARN_UNREACHABLE_CODE = YES;
				CLANG_WARN__DUPLICATE_METHOD_MATCH = YES;
				"CODE_SIGN_IDENTITY[sdk=iphoneos*]" = "iPhone Developer";
				COPY_PHASE_STRIP = NO;
				DEBUG_INFORMATION_FORMAT = "dwarf-with-dsym";
				ENABLE_NS_ASSERTIONS = NO;
				ENABLE_STRICT_OBJC_MSGSEND = YES;
				GCC_C_LANGUAGE_STANDARD = gnu99;
				GCC_NO_COMMON_BLOCKS = YES;
				GCC_WARN_64_TO_32_BIT_CONVERSION = YES;
				GCC_WARN_ABOUT_RETURN_TYPE = YES_ERROR;
				GCC_WARN_UNDECLARED_SELECTOR = YES;
				GCC_WARN_UNINITIALIZED_AUTOS = YES_AGGRESSIVE;
				GCC_WARN_UNUSED_FUNCTION = YES;
				GCC_WARN_UNUSED_VARIABLE = YES;
				IPHONEOS_DEPLOYMENT_TARGET = 10.3;
				MTL_ENABLE_DEBUG_INFO = NO;
				SDKROOT = iphoneos;
				SWIFT_OPTIMIZATION_LEVEL = "-Owholemodule";
				VALIDATE_PRODUCT = YES;
			};
			name = Release;
		};
		E35EF94C1F556A500052F365 /* Debug */ = {
			isa = XCBuildConfiguration;
			buildSettings = {
				ASSETCATALOG_COMPILER_APPICON_NAME = AppIcon;
				DEVELOPMENT_TEAM = K775G7S2W4;
				INFOPLIST_FILE = "01-微信相册选择/Info.plist";
				IPHONEOS_DEPLOYMENT_TARGET = 10.0;
				LD_RUNPATH_SEARCH_PATHS = "$(inherited) @executable_path/Frameworks";
				PRODUCT_BUNDLE_IDENTIFIER = "com.snow.minyan.-1-------";
				PRODUCT_NAME = "$(TARGET_NAME)";
				SWIFT_VERSION = 3.0;
			};
			name = Debug;
		};
		E35EF94D1F556A500052F365 /* Release */ = {
			isa = XCBuildConfiguration;
			buildSettings = {
				ASSETCATALOG_COMPILER_APPICON_NAME = AppIcon;
				DEVELOPMENT_TEAM = K775G7S2W4;
				INFOPLIST_FILE = "01-微信相册选择/Info.plist";
				IPHONEOS_DEPLOYMENT_TARGET = 10.0;
				LD_RUNPATH_SEARCH_PATHS = "$(inherited) @executable_path/Frameworks";
				PRODUCT_BUNDLE_IDENTIFIER = "com.snow.minyan.-1-------";
				PRODUCT_NAME = "$(TARGET_NAME)";
				SWIFT_VERSION = 3.0;
			};
			name = Release;
		};
/* End XCBuildConfiguration section */

/* Begin XCConfigurationList section */
		E35EF9341F556A500052F365 /* Build configuration list for PBXProject "01-微信相册选择" */ = {
			isa = XCConfigurationList;
			buildConfigurations = (
				E35EF9491F556A500052F365 /* Debug */,
				E35EF94A1F556A500052F365 /* Release */,
			);
			defaultConfigurationIsVisible = 0;
			defaultConfigurationName = Release;
		};
		E35EF94B1F556A500052F365 /* Build configuration list for PBXNativeTarget "01-微信相册选择" */ = {
			isa = XCConfigurationList;
			buildConfigurations = (
				E35EF94C1F556A500052F365 /* Debug */,
				E35EF94D1F556A500052F365 /* Release */,
			);
			defaultConfigurationIsVisible = 0;
			defaultConfigurationName = Release;
		};
/* End XCConfigurationList section */
	};
	rootObject = E35EF9311F556A500052F365 /* Project object */;
}
